
Microsoft Visual Studio Solution File, Format Version 12.00
# Visual Studio Version 17
VisualStudioVersion = 17.12.35527.113 d17.12
MinimumVisualStudioVersion = 10.0.40219.1
Project("{FAE04EC0-301F-11D3-BF4B-00C04F79EFBC}") = "TurnUPPortal_Specflow_Tests", "TurnUPPortal_Specflow_Tests.csproj", "{CFA92D9E-6EBD-4D0C-A81A-EAE31F402F3E}"
EndProject
Global
	GlobalSection(SolutionConfigurationPlatforms) = preSolution
		Debug|Any CPU = Debug|Any CPU
		Release|Any CPU = Release|Any CPU
	EndGlobalSection
	GlobalSection(ProjectConfigurationPlatforms) = postSolution
		{CFA92D9E-6EBD-4D0C-A81A-EAE31F402F3E}.Debug|Any CPU.ActiveCfg = Debug|Any CPU
		{CFA92D9E-6EBD-4D0C-A81A-EAE31F402F3E}.Debug|Any CPU.Build.0 = Debug|Any CPU
		{CFA92D9E-6EBD-4D0C-A81A-EAE31F402F3E}.Release|Any CPU.ActiveCfg = Release|Any CPU
		{CFA92D9E-6EBD-4D0C-A81A-EAE31F402F3E}.Release|Any CPU.Build.0 = Release|Any CPU
	EndGlobalSection
	GlobalSection(SolutionProperties) = preSolution
		HideSolutionNode = FALSE
	EndGlobalSection
EndGlobal
